// !$*UTF8*$!
{
	archiveVersion = 1;
	classes = {
	};
	objectVersion = 50;
	objects = {

/* Begin PBXBuildFile section */
		841B156C223B8F470033A27F /* AppDelegate.swift in Sources */ = {isa = PBXBuildFile; fileRef = 841B156B223B8F470033A27F /* AppDelegate.swift */; };
		841B156E223B8F470033A27F /* ExploreViewController.swift in Sources */ = {isa = PBXBuildFile; fileRef = 841B156D223B8F470033A27F /* ExploreViewController.swift */; };
		841B1571223B8F470033A27F /* Main.storyboard in Resources */ = {isa = PBXBuildFile; fileRef = 841B156F223B8F470033A27F /* Main.storyboard */; };
		841B1573223B8F480033A27F /* Assets.xcassets in Resources */ = {isa = PBXBuildFile; fileRef = 841B1572223B8F480033A27F /* Assets.xcassets */; };
		841B1576223B8F480033A27F /* LaunchScreen.storyboard in Resources */ = {isa = PBXBuildFile; fileRef = 841B1574223B8F480033A27F /* LaunchScreen.storyboard */; };
		841B1581223B8F490033A27F /* DexSampleAppTests.swift in Sources */ = {isa = PBXBuildFile; fileRef = 841B1580223B8F490033A27F /* DexSampleAppTests.swift */; };
		841B158D223B90410033A27F /* ApiManager.swift in Sources */ = {isa = PBXBuildFile; fileRef = 841B158C223B90410033A27F /* ApiManager.swift */; };
		841B158F223B945F0033A27F /* ServiceURl.swift in Sources */ = {isa = PBXBuildFile; fileRef = 841B158E223B945F0033A27F /* ServiceURl.swift */; };
		841B1593223B97700033A27F /* ExploreLayout.swift in Sources */ = {isa = PBXBuildFile; fileRef = 841B1592223B97700033A27F /* ExploreLayout.swift */; };
		841B1595223BB1660033A27F /* ExploreServices.swift in Sources */ = {isa = PBXBuildFile; fileRef = 841B1594223BB1660033A27F /* ExploreServices.swift */; };
		841B1598223BB9A30033A27F /* ExploreViewModel.swift in Sources */ = {isa = PBXBuildFile; fileRef = 841B1597223BB9A30033A27F /* ExploreViewModel.swift */; };
		841B159D223BBEFA0033A27F /* DexTableViewCell.swift in Sources */ = {isa = PBXBuildFile; fileRef = 841B159B223BBEFA0033A27F /* DexTableViewCell.swift */; };
		841B159E223BBEFA0033A27F /* DexTableViewCell.xib in Resources */ = {isa = PBXBuildFile; fileRef = 841B159C223BBEFA0033A27F /* DexTableViewCell.xib */; };
		841B15A1223BBF0F0033A27F /* UserTableViewCell.swift in Sources */ = {isa = PBXBuildFile; fileRef = 841B159F223BBF0F0033A27F /* UserTableViewCell.swift */; };
		841B15A2223BBF0F0033A27F /* UserTableViewCell.xib in Resources */ = {isa = PBXBuildFile; fileRef = 841B15A0223BBF0F0033A27F /* UserTableViewCell.xib */; };
		841B15A5223BBF1E0033A27F /* RequirementTableViewCell.swift in Sources */ = {isa = PBXBuildFile; fileRef = 841B15A3223BBF1E0033A27F /* RequirementTableViewCell.swift */; };
		841B15A6223BBF1E0033A27F /* RequirementTableViewCell.xib in Resources */ = {isa = PBXBuildFile; fileRef = 841B15A4223BBF1E0033A27F /* RequirementTableViewCell.xib */; };
		841B15A9223BBF320033A27F /* BannerTableViewCell.swift in Sources */ = {isa = PBXBuildFile; fileRef = 841B15A7223BBF320033A27F /* BannerTableViewCell.swift */; };
		841B15AA223BBF320033A27F /* BannerTableViewCell.xib in Resources */ = {isa = PBXBuildFile; fileRef = 841B15A8223BBF320033A27F /* BannerTableViewCell.xib */; };
		841B15B1223BBFFC0033A27F /* SectionTitleTableViewCell.swift in Sources */ = {isa = PBXBuildFile; fileRef = 841B15AF223BBFFC0033A27F /* SectionTitleTableViewCell.swift */; };
		841B15B2223BBFFC0033A27F /* SectionTitleTableViewCell.xib in Resources */ = {isa = PBXBuildFile; fileRef = 841B15B0223BBFFC0033A27F /* SectionTitleTableViewCell.xib */; };
		841B15B6223BE60C0033A27F /* BannerCollectionViewCell.swift in Sources */ = {isa = PBXBuildFile; fileRef = 841B15B4223BE60C0033A27F /* BannerCollectionViewCell.swift */; };
		841B15B7223BE60C0033A27F /* BannerCollectionViewCell.xib in Resources */ = {isa = PBXBuildFile; fileRef = 841B15B5223BE60C0033A27F /* BannerCollectionViewCell.xib */; };
		841B15B9223BE8070033A27F /* CenteredCollectionViewFlowLayout.swift in Sources */ = {isa = PBXBuildFile; fileRef = 841B15B8223BE8070033A27F /* CenteredCollectionViewFlowLayout.swift */; };
		841B15BB223BE9F10033A27F /* WebViewViewController.swift in Sources */ = {isa = PBXBuildFile; fileRef = 841B15BA223BE9F10033A27F /* WebViewViewController.swift */; };
		841B15BE223BED8A0033A27F /* NavigationHelper.swift in Sources */ = {isa = PBXBuildFile; fileRef = 841B15BD223BED8A0033A27F /* NavigationHelper.swift */; };
		841B15C1223BF2930033A27F /* DexCollectionViewCell.swift in Sources */ = {isa = PBXBuildFile; fileRef = 841B15BF223BF2930033A27F /* DexCollectionViewCell.swift */; };
		841B15C2223BF2930033A27F /* DexCollectionViewCell.xib in Resources */ = {isa = PBXBuildFile; fileRef = 841B15C0223BF2930033A27F /* DexCollectionViewCell.xib */; };
		841B15C5223BF5AD0033A27F /* UserCollectionViewCell.swift in Sources */ = {isa = PBXBuildFile; fileRef = 841B15C3223BF5AD0033A27F /* UserCollectionViewCell.swift */; };
		841B15C6223BF5AD0033A27F /* UserCollectionViewCell.xib in Resources */ = {isa = PBXBuildFile; fileRef = 841B15C4223BF5AD0033A27F /* UserCollectionViewCell.xib */; };
		841B15C9223BF5BC0033A27F /* RequirementCollectionViewCell.swift in Sources */ = {isa = PBXBuildFile; fileRef = 841B15C7223BF5BC0033A27F /* RequirementCollectionViewCell.swift */; };
		841B15CA223BF5BC0033A27F /* RequirementCollectionViewCell.xib in Resources */ = {isa = PBXBuildFile; fileRef = 841B15C8223BF5BC0033A27F /* RequirementCollectionViewCell.xib */; };
		8676527BEB2602775F400342 /* Pods_DexSampleAppTests.framework in Frameworks */ = {isa = PBXBuildFile; fileRef = 59905F4C207A53E5F6C36922 /* Pods_DexSampleAppTests.framework */; };
		F403792FDBD06DA8A6EA1836 /* Pods_DexSampleApp.framework in Frameworks */ = {isa = PBXBuildFile; fileRef = B0F6148169ABEEE36DC4FDEB /* Pods_DexSampleApp.framework */; };
/* End PBXBuildFile section */

/* Begin PBXContainerItemProxy section */
		841B157D223B8F490033A27F /* PBXContainerItemProxy */ = {
			isa = PBXContainerItemProxy;
			containerPortal = 841B1560223B8F470033A27F /* Project object */;
			proxyType = 1;
			remoteGlobalIDString = 841B1567223B8F470033A27F;
			remoteInfo = DexSampleApp;
		};
/* End PBXContainerItemProxy section */

/* Begin PBXFileReference section */
		19892631E6EF427662350C2A /* Pods-DexSampleApp.debug.xcconfig */ = {isa = PBXFileReference; includeInIndex = 1; lastKnownFileType = text.xcconfig; name = "Pods-DexSampleApp.debug.xcconfig"; path = "Pods/Target Support Files/Pods-DexSampleApp/Pods-DexSampleApp.debug.xcconfig"; sourceTree = "<group>"; };
		59905F4C207A53E5F6C36922 /* Pods_DexSampleAppTests.framework */ = {isa = PBXFileReference; explicitFileType = wrapper.framework; includeInIndex = 0; path = Pods_DexSampleAppTests.framework; sourceTree = BUILT_PRODUCTS_DIR; };
		841B1568223B8F470033A27F /* DexSampleApp.app */ = {isa = PBXFileReference; explicitFileType = wrapper.application; includeInIndex = 0; path = DexSampleApp.app; sourceTree = BUILT_PRODUCTS_DIR; };
		841B156B223B8F470033A27F /* AppDelegate.swift */ = {isa = PBXFileReference; lastKnownFileType = sourcecode.swift; path = AppDelegate.swift; sourceTree = "<group>"; };
		841B156D223B8F470033A27F /* ExploreViewController.swift */ = {isa = PBXFileReference; lastKnownFileType = sourcecode.swift; path = ExploreViewController.swift; sourceTree = "<group>"; };
		841B1570223B8F470033A27F /* Base */ = {isa = PBXFileReference; lastKnownFileType = file.storyboard; name = Base; path = Base.lproj/Main.storyboard; sourceTree = "<group>"; };
		841B1572223B8F480033A27F /* Assets.xcassets */ = {isa = PBXFileReference; lastKnownFileType = folder.assetcatalog; path = Assets.xcassets; sourceTree = "<group>"; };
		841B1575223B8F480033A27F /* Base */ = {isa = PBXFileReference; lastKnownFileType = file.storyboard; name = Base; path = Base.lproj/LaunchScreen.storyboard; sourceTree = "<group>"; };
		841B1577223B8F480033A27F /* Info.plist */ = {isa = PBXFileReference; lastKnownFileType = text.plist.xml; path = Info.plist; sourceTree = "<group>"; };
		841B157C223B8F490033A27F /* DexSampleAppTests.xctest */ = {isa = PBXFileReference; explicitFileType = wrapper.cfbundle; includeInIndex = 0; path = DexSampleAppTests.xctest; sourceTree = BUILT_PRODUCTS_DIR; };
		841B1580223B8F490033A27F /* DexSampleAppTests.swift */ = {isa = PBXFileReference; lastKnownFileType = sourcecode.swift; path = DexSampleAppTests.swift; sourceTree = "<group>"; };
		841B1582223B8F490033A27F /* Info.plist */ = {isa = PBXFileReference; lastKnownFileType = text.plist.xml; path = Info.plist; sourceTree = "<group>"; };
		841B158C223B90410033A27F /* ApiManager.swift */ = {isa = PBXFileReference; lastKnownFileType = sourcecode.swift; path = ApiManager.swift; sourceTree = "<group>"; };
		841B158E223B945F0033A27F /* ServiceURl.swift */ = {isa = PBXFileReference; lastKnownFileType = sourcecode.swift; path = ServiceURl.swift; sourceTree = "<group>"; };
		841B1592223B97700033A27F /* ExploreLayout.swift */ = {isa = PBXFileReference; lastKnownFileType = sourcecode.swift; path = ExploreLayout.swift; sourceTree = "<group>"; };
		841B1594223BB1660033A27F /* ExploreServices.swift */ = {isa = PBXFileReference; lastKnownFileType = sourcecode.swift; path = ExploreServices.swift; sourceTree = "<group>"; };
		841B1597223BB9A30033A27F /* ExploreViewModel.swift */ = {isa = PBXFileReference; lastKnownFileType = sourcecode.swift; path = ExploreViewModel.swift; sourceTree = "<group>"; };
		841B159B223BBEFA0033A27F /* DexTableViewCell.swift */ = {isa = PBXFileReference; lastKnownFileType = sourcecode.swift; path = DexTableViewCell.swift; sourceTree = "<group>"; };
		841B159C223BBEFA0033A27F /* DexTableViewCell.xib */ = {isa = PBXFileReference; lastKnownFileType = file.xib; path = DexTableViewCell.xib; sourceTree = "<group>"; };
		841B159F223BBF0F0033A27F /* UserTableViewCell.swift */ = {isa = PBXFileReference; lastKnownFileType = sourcecode.swift; path = UserTableViewCell.swift; sourceTree = "<group>"; };
		841B15A0223BBF0F0033A27F /* UserTableViewCell.xib */ = {isa = PBXFileReference; lastKnownFileType = file.xib; path = UserTableViewCell.xib; sourceTree = "<group>"; };
		841B15A3223BBF1E0033A27F /* RequirementTableViewCell.swift */ = {isa = PBXFileReference; lastKnownFileType = sourcecode.swift; path = RequirementTableViewCell.swift; sourceTree = "<group>"; };
		841B15A4223BBF1E0033A27F /* RequirementTableViewCell.xib */ = {isa = PBXFileReference; lastKnownFileType = file.xib; path = RequirementTableViewCell.xib; sourceTree = "<group>"; };
		841B15A7223BBF320033A27F /* BannerTableViewCell.swift */ = {isa = PBXFileReference; lastKnownFileType = sourcecode.swift; path = BannerTableViewCell.swift; sourceTree = "<group>"; };
		841B15A8223BBF320033A27F /* BannerTableViewCell.xib */ = {isa = PBXFileReference; lastKnownFileType = file.xib; path = BannerTableViewCell.xib; sourceTree = "<group>"; };
		841B15AF223BBFFC0033A27F /* SectionTitleTableViewCell.swift */ = {isa = PBXFileReference; lastKnownFileType = sourcecode.swift; path = SectionTitleTableViewCell.swift; sourceTree = "<group>"; };
		841B15B0223BBFFC0033A27F /* SectionTitleTableViewCell.xib */ = {isa = PBXFileReference; lastKnownFileType = file.xib; path = SectionTitleTableViewCell.xib; sourceTree = "<group>"; };
		841B15B4223BE60C0033A27F /* BannerCollectionViewCell.swift */ = {isa = PBXFileReference; lastKnownFileType = sourcecode.swift; path = BannerCollectionViewCell.swift; sourceTree = "<group>"; };
		841B15B5223BE60C0033A27F /* BannerCollectionViewCell.xib */ = {isa = PBXFileReference; lastKnownFileType = file.xib; path = BannerCollectionViewCell.xib; sourceTree = "<group>"; };
		841B15B8223BE8070033A27F /* CenteredCollectionViewFlowLayout.swift */ = {isa = PBXFileReference; lastKnownFileType = sourcecode.swift; path = CenteredCollectionViewFlowLayout.swift; sourceTree = "<group>"; };
		841B15BA223BE9F10033A27F /* WebViewViewController.swift */ = {isa = PBXFileReference; lastKnownFileType = sourcecode.swift; path = WebViewViewController.swift; sourceTree = "<group>"; };
		841B15BD223BED8A0033A27F /* NavigationHelper.swift */ = {isa = PBXFileReference; lastKnownFileType = sourcecode.swift; path = NavigationHelper.swift; sourceTree = "<group>"; };
		841B15BF223BF2930033A27F /* DexCollectionViewCell.swift */ = {isa = PBXFileReference; lastKnownFileType = sourcecode.swift; path = DexCollectionViewCell.swift; sourceTree = "<group>"; };
		841B15C0223BF2930033A27F /* DexCollectionViewCell.xib */ = {isa = PBXFileReference; lastKnownFileType = file.xib; path = DexCollectionViewCell.xib; sourceTree = "<group>"; };
		841B15C3223BF5AD0033A27F /* UserCollectionViewCell.swift */ = {isa = PBXFileReference; lastKnownFileType = sourcecode.swift; path = UserCollectionViewCell.swift; sourceTree = "<group>"; };
		841B15C4223BF5AD0033A27F /* UserCollectionViewCell.xib */ = {isa = PBXFileReference; lastKnownFileType = file.xib; path = UserCollectionViewCell.xib; sourceTree = "<group>"; };
		841B15C7223BF5BC0033A27F /* RequirementCollectionViewCell.swift */ = {isa = PBXFileReference; lastKnownFileType = sourcecode.swift; path = RequirementCollectionViewCell.swift; sourceTree = "<group>"; };
		841B15C8223BF5BC0033A27F /* RequirementCollectionViewCell.xib */ = {isa = PBXFileReference; lastKnownFileType = file.xib; path = RequirementCollectionViewCell.xib; sourceTree = "<group>"; };
		9B9AA6F18235737F9DF9997D /* Pods-DexSampleAppTests.release.xcconfig */ = {isa = PBXFileReference; includeInIndex = 1; lastKnownFileType = text.xcconfig; name = "Pods-DexSampleAppTests.release.xcconfig"; path = "Pods/Target Support Files/Pods-DexSampleAppTests/Pods-DexSampleAppTests.release.xcconfig"; sourceTree = "<group>"; };
		9D0916BD54594356DF7917F6 /* Pods-DexSampleApp.release.xcconfig */ = {isa = PBXFileReference; includeInIndex = 1; lastKnownFileType = text.xcconfig; name = "Pods-DexSampleApp.release.xcconfig"; path = "Pods/Target Support Files/Pods-DexSampleApp/Pods-DexSampleApp.release.xcconfig"; sourceTree = "<group>"; };
		B0F6148169ABEEE36DC4FDEB /* Pods_DexSampleApp.framework */ = {isa = PBXFileReference; explicitFileType = wrapper.framework; includeInIndex = 0; path = Pods_DexSampleApp.framework; sourceTree = BUILT_PRODUCTS_DIR; };
		E642BA9B21529EC5AF3A0770 /* Pods-DexSampleAppTests.debug.xcconfig */ = {isa = PBXFileReference; includeInIndex = 1; lastKnownFileType = text.xcconfig; name = "Pods-DexSampleAppTests.debug.xcconfig"; path = "Pods/Target Support Files/Pods-DexSampleAppTests/Pods-DexSampleAppTests.debug.xcconfig"; sourceTree = "<group>"; };
/* End PBXFileReference section */

/* Begin PBXFrameworksBuildPhase section */
		841B1565223B8F470033A27F /* Frameworks */ = {
			isa = PBXFrameworksBuildPhase;
			buildActionMask = 2147483647;
			files = (
				F403792FDBD06DA8A6EA1836 /* Pods_DexSampleApp.framework in Frameworks */,
			);
			runOnlyForDeploymentPostprocessing = 0;
		};
		841B1579223B8F490033A27F /* Frameworks */ = {
			isa = PBXFrameworksBuildPhase;
			buildActionMask = 2147483647;
			files = (
				8676527BEB2602775F400342 /* Pods_DexSampleAppTests.framework in Frameworks */,
			);
			runOnlyForDeploymentPostprocessing = 0;
		};
/* End PBXFrameworksBuildPhase section */

/* Begin PBXGroup section */
		4FDE28028779F496B9205E2A /* Frameworks */ = {
			isa = PBXGroup;
			children = (
				B0F6148169ABEEE36DC4FDEB /* Pods_DexSampleApp.framework */,
				59905F4C207A53E5F6C36922 /* Pods_DexSampleAppTests.framework */,
			);
			name = Frameworks;
			sourceTree = "<group>";
		};
		841B155F223B8F470033A27F = {
			isa = PBXGroup;
			children = (
				841B156A223B8F470033A27F /* DexSampleApp */,
				841B157F223B8F490033A27F /* DexSampleAppTests */,
				841B1569223B8F470033A27F /* Products */,
				997F73E1FD686F2BCDD4F618 /* Pods */,
				4FDE28028779F496B9205E2A /* Frameworks */,
			);
			sourceTree = "<group>";
		};
		841B1569223B8F470033A27F /* Products */ = {
			isa = PBXGroup;
			children = (
				841B1568223B8F470033A27F /* DexSampleApp.app */,
				841B157C223B8F490033A27F /* DexSampleAppTests.xctest */,
			);
			name = Products;
			sourceTree = "<group>";
		};
		841B156A223B8F470033A27F /* DexSampleApp */ = {
			isa = PBXGroup;
			children = (
				841B156B223B8F470033A27F /* AppDelegate.swift */,
				841B159A223BBB6B0033A27F /* View */,
				841B1599223BBB610033A27F /* Controller */,
				841B1596223BB9820033A27F /* View Model */,
				841B1591223B96830033A27F /* Model */,
				841B1590223B965D0033A27F /* Service */,
				841B15BC223BED6A0033A27F /* Navigaton Helper */,
				841B158B223B902F0033A27F /* ApiManager */,
				841B156F223B8F470033A27F /* Main.storyboard */,
				841B1572223B8F480033A27F /* Assets.xcassets */,
				841B1574223B8F480033A27F /* LaunchScreen.storyboard */,
				841B1577223B8F480033A27F /* Info.plist */,
			);
			path = DexSampleApp;
			sourceTree = "<group>";
		};
		841B157F223B8F490033A27F /* DexSampleAppTests */ = {
			isa = PBXGroup;
			children = (
				841B1580223B8F490033A27F /* DexSampleAppTests.swift */,
				841B1582223B8F490033A27F /* Info.plist */,
			);
			path = DexSampleAppTests;
			sourceTree = "<group>";
		};
		841B158B223B902F0033A27F /* ApiManager */ = {
			isa = PBXGroup;
			children = (
				841B158C223B90410033A27F /* ApiManager.swift */,
				841B158E223B945F0033A27F /* ServiceURl.swift */,
			);
			path = ApiManager;
			sourceTree = "<group>";
		};
		841B1590223B965D0033A27F /* Service */ = {
			isa = PBXGroup;
			children = (
				841B1594223BB1660033A27F /* ExploreServices.swift */,
			);
			path = Service;
			sourceTree = "<group>";
		};
		841B1591223B96830033A27F /* Model */ = {
			isa = PBXGroup;
			children = (
				841B1592223B97700033A27F /* ExploreLayout.swift */,
			);
			path = Model;
			sourceTree = "<group>";
		};
		841B1596223BB9820033A27F /* View Model */ = {
			isa = PBXGroup;
			children = (
				841B1597223BB9A30033A27F /* ExploreViewModel.swift */,
			);
			path = "View Model";
			sourceTree = "<group>";
		};
		841B1599223BBB610033A27F /* Controller */ = {
			isa = PBXGroup;
			children = (
				841B156D223B8F470033A27F /* ExploreViewController.swift */,
				841B15BA223BE9F10033A27F /* WebViewViewController.swift */,
			);
			path = Controller;
			sourceTree = "<group>";
		};
		841B159A223BBB6B0033A27F /* View */ = {
			isa = PBXGroup;
			children = (
				841B15B3223BC0010033A27F /* Section Title */,
				841B15AE223BBF5A0033A27F /* Banner */,
				841B15AD223BBF4B0033A27F /* Requirement */,
				841B15AC223BBF420033A27F /* User */,
				841B15AB223BBF350033A27F /* Dex */,
			);
			path = View;
			sourceTree = "<group>";
		};
		841B15AB223BBF350033A27F /* Dex */ = {
			isa = PBXGroup;
			children = (
				841B159B223BBEFA0033A27F /* DexTableViewCell.swift */,
				841B159C223BBEFA0033A27F /* DexTableViewCell.xib */,
				841B15BF223BF2930033A27F /* DexCollectionViewCell.swift */,
				841B15C0223BF2930033A27F /* DexCollectionViewCell.xib */,
			);
			path = Dex;
			sourceTree = "<group>";
		};
		841B15AC223BBF420033A27F /* User */ = {
			isa = PBXGroup;
			children = (
				841B159F223BBF0F0033A27F /* UserTableViewCell.swift */,
				841B15A0223BBF0F0033A27F /* UserTableViewCell.xib */,
				841B15C3223BF5AD0033A27F /* UserCollectionViewCell.swift */,
				841B15C4223BF5AD0033A27F /* UserCollectionViewCell.xib */,
			);
			path = User;
			sourceTree = "<group>";
		};
		841B15AD223BBF4B0033A27F /* Requirement */ = {
			isa = PBXGroup;
			children = (
				841B15A3223BBF1E0033A27F /* RequirementTableViewCell.swift */,
				841B15A4223BBF1E0033A27F /* RequirementTableViewCell.xib */,
				841B15C7223BF5BC0033A27F /* RequirementCollectionViewCell.swift */,
				841B15C8223BF5BC0033A27F /* RequirementCollectionViewCell.xib */,
			);
			path = Requirement;
			sourceTree = "<group>";
		};
		841B15AE223BBF5A0033A27F /* Banner */ = {
			isa = PBXGroup;
			children = (
				841B15A7223BBF320033A27F /* BannerTableViewCell.swift */,
				841B15A8223BBF320033A27F /* BannerTableViewCell.xib */,
				841B15B4223BE60C0033A27F /* BannerCollectionViewCell.swift */,
				841B15B5223BE60C0033A27F /* BannerCollectionViewCell.xib */,
				841B15B8223BE8070033A27F /* CenteredCollectionViewFlowLayout.swift */,
			);
			path = Banner;
			sourceTree = "<group>";
		};
		841B15B3223BC0010033A27F /* Section Title */ = {
			isa = PBXGroup;
			children = (
				841B15AF223BBFFC0033A27F /* SectionTitleTableViewCell.swift */,
				841B15B0223BBFFC0033A27F /* SectionTitleTableViewCell.xib */,
			);
			path = "Section Title";
			sourceTree = "<group>";
		};
		841B15BC223BED6A0033A27F /* Navigaton Helper */ = {
			isa = PBXGroup;
			children = (
				841B15BD223BED8A0033A27F /* NavigationHelper.swift */,
			);
			path = "Navigaton Helper";
			sourceTree = "<group>";
		};
		997F73E1FD686F2BCDD4F618 /* Pods */ = {
			isa = PBXGroup;
			children = (
				19892631E6EF427662350C2A /* Pods-DexSampleApp.debug.xcconfig */,
				9D0916BD54594356DF7917F6 /* Pods-DexSampleApp.release.xcconfig */,
				E642BA9B21529EC5AF3A0770 /* Pods-DexSampleAppTests.debug.xcconfig */,
				9B9AA6F18235737F9DF9997D /* Pods-DexSampleAppTests.release.xcconfig */,
			);
			name = Pods;
			sourceTree = "<group>";
		};
/* End PBXGroup section */

/* Begin PBXNativeTarget section */
		841B1567223B8F470033A27F /* DexSampleApp */ = {
			isa = PBXNativeTarget;
			buildConfigurationList = 841B1585223B8F490033A27F /* Build configuration list for PBXNativeTarget "DexSampleApp" */;
			buildPhases = (
				F6E9BEBFEE65D5298F2B6142 /* [CP] Check Pods Manifest.lock */,
				841B1564223B8F470033A27F /* Sources */,
				841B1565223B8F470033A27F /* Frameworks */,
				841B1566223B8F470033A27F /* Resources */,
				6A5A792DAC86A3F075044509 /* [CP] Embed Pods Frameworks */,
			);
			buildRules = (
			);
			dependencies = (
			);
			name = DexSampleApp;
			productName = DexSampleApp;
			productReference = 841B1568223B8F470033A27F /* DexSampleApp.app */;
			productType = "com.apple.product-type.application";
		};
		841B157B223B8F490033A27F /* DexSampleAppTests */ = {
			isa = PBXNativeTarget;
			buildConfigurationList = 841B1588223B8F490033A27F /* Build configuration list for PBXNativeTarget "DexSampleAppTests" */;
			buildPhases = (
				5D9896D79B2C16B7537377E4 /* [CP] Check Pods Manifest.lock */,
				841B1578223B8F490033A27F /* Sources */,
				841B1579223B8F490033A27F /* Frameworks */,
				841B157A223B8F490033A27F /* Resources */,
			);
			buildRules = (
			);
			dependencies = (
				841B157E223B8F490033A27F /* PBXTargetDependency */,
			);
			name = DexSampleAppTests;
			productName = DexSampleAppTests;
			productReference = 841B157C223B8F490033A27F /* DexSampleAppTests.xctest */;
			productType = "com.apple.product-type.bundle.unit-test";
		};
/* End PBXNativeTarget section */

/* Begin PBXProject section */
		841B1560223B8F470033A27F /* Project object */ = {
			isa = PBXProject;
			attributes = {
				LastSwiftUpdateCheck = 1010;
				LastUpgradeCheck = 1010;
				ORGANIZATIONNAME = admin;
				TargetAttributes = {
					841B1567223B8F470033A27F = {
						CreatedOnToolsVersion = 10.1;
					};
					841B157B223B8F490033A27F = {
						CreatedOnToolsVersion = 10.1;
						TestTargetID = 841B1567223B8F470033A27F;
					};
				};
			};
			buildConfigurationList = 841B1563223B8F470033A27F /* Build configuration list for PBXProject "DexSampleApp" */;
			compatibilityVersion = "Xcode 9.3";
			developmentRegion = en;
			hasScannedForEncodings = 0;
			knownRegions = (
				en,
				Base,
			);
			mainGroup = 841B155F223B8F470033A27F;
			productRefGroup = 841B1569223B8F470033A27F /* Products */;
			projectDirPath = "";
			projectRoot = "";
			targets = (
				841B1567223B8F470033A27F /* DexSampleApp */,
				841B157B223B8F490033A27F /* DexSampleAppTests */,
			);
		};
/* End PBXProject section */

/* Begin PBXResourcesBuildPhase section */
		841B1566223B8F470033A27F /* Resources */ = {
			isa = PBXResourcesBuildPhase;
			buildActionMask = 2147483647;
			files = (
				841B15B2223BBFFC0033A27F /* SectionTitleTableViewCell.xib in Resources */,
				841B1576223B8F480033A27F /* LaunchScreen.storyboard in Resources */,
				841B159E223BBEFA0033A27F /* DexTableViewCell.xib in Resources */,
				841B1573223B8F480033A27F /* Assets.xcassets in Resources */,
				841B1571223B8F470033A27F /* Main.storyboard in Resources */,
				841B15A2223BBF0F0033A27F /* UserTableViewCell.xib in Resources */,
				841B15CA223BF5BC0033A27F /* RequirementCollectionViewCell.xib in Resources */,
				841B15C6223BF5AD0033A27F /* UserCollectionViewCell.xib in Resources */,
				841B15A6223BBF1E0033A27F /* RequirementTableViewCell.xib in Resources */,
				841B15B7223BE60C0033A27F /* BannerCollectionViewCell.xib in Resources */,
				841B15C2223BF2930033A27F /* DexCollectionViewCell.xib in Resources */,
				841B15AA223BBF320033A27F /* BannerTableViewCell.xib in Resources */,
			);
			runOnlyForDeploymentPostprocessing = 0;
		};
		841B157A223B8F490033A27F /* Resources */ = {
			isa = PBXResourcesBuildPhase;
			buildActionMask = 2147483647;
			files = (
			);
			runOnlyForDeploymentPostprocessing = 0;
		};
/* End PBXResourcesBuildPhase section */

/* Begin PBXShellScriptBuildPhase section */
		5D9896D79B2C16B7537377E4 /* [CP] Check Pods Manifest.lock */ = {
			isa = PBXShellScriptBuildPhase;
			buildActionMask = 2147483647;
			files = (
			);
			inputPaths = (
				"${PODS_PODFILE_DIR_PATH}/Podfile.lock",
				"${PODS_ROOT}/Manifest.lock",
			);
			name = "[CP] Check Pods Manifest.lock";
			outputPaths = (
				"$(DERIVED_FILE_DIR)/Pods-DexSampleAppTests-checkManifestLockResult.txt",
			);
			runOnlyForDeploymentPostprocessing = 0;
			shellPath = /bin/sh;
			shellScript = "diff \"${PODS_PODFILE_DIR_PATH}/Podfile.lock\" \"${PODS_ROOT}/Manifest.lock\" > /dev/null\nif [ $? != 0 ] ; then\n    # print error to STDERR\n    echo \"error: The sandbox is not in sync with the Podfile.lock. Run 'pod install' or update your CocoaPods installation.\" >&2\n    exit 1\nfi\n# This output is used by Xcode 'outputs' to avoid re-running this script phase.\necho \"SUCCESS\" > \"${SCRIPT_OUTPUT_FILE_0}\"\n";
			showEnvVarsInLog = 0;
		};
		6A5A792DAC86A3F075044509 /* [CP] Embed Pods Frameworks */ = {
			isa = PBXShellScriptBuildPhase;
			buildActionMask = 2147483647;
			files = (
			);
			inputPaths = (
				"${SRCROOT}/Pods/Target Support Files/Pods-DexSampleApp/Pods-DexSampleApp-frameworks.sh",
				"${BUILT_PRODUCTS_DIR}/Alamofire/Alamofire.framework",
				"${BUILT_PRODUCTS_DIR}/SDWebImage/SDWebImage.framework",
				"${BUILT_PRODUCTS_DIR}/SwiftyJSON/SwiftyJSON.framework",
			);
			name = "[CP] Embed Pods Frameworks";
			outputPaths = (
				"${TARGET_BUILD_DIR}/${FRAMEWORKS_FOLDER_PATH}/Alamofire.framework",
				"${TARGET_BUILD_DIR}/${FRAMEWORKS_FOLDER_PATH}/SDWebImage.framework",
				"${TARGET_BUILD_DIR}/${FRAMEWORKS_FOLDER_PATH}/SwiftyJSON.framework",
			);
			runOnlyForDeploymentPostprocessing = 0;
			shellPath = /bin/sh;
			shellScript = "\"${SRCROOT}/Pods/Target Support Files/Pods-DexSampleApp/Pods-DexSampleApp-frameworks.sh\"\n";
			showEnvVarsInLog = 0;
		};
		F6E9BEBFEE65D5298F2B6142 /* [CP] Check Pods Manifest.lock */ = {
			isa = PBXShellScriptBuildPhase;
			buildActionMask = 2147483647;
			files = (
			);
			inputPaths = (
				"${PODS_PODFILE_DIR_PATH}/Podfile.lock",
				"${PODS_ROOT}/Manifest.lock",
			);
			name = "[CP] Check Pods Manifest.lock";
			outputPaths = (
				"$(DERIVED_FILE_DIR)/Pods-DexSampleApp-checkManifestLockResult.txt",
			);
			runOnlyForDeploymentPostprocessing = 0;
			shellPath = /bin/sh;
			shellScript = "diff \"${PODS_PODFILE_DIR_PATH}/Podfile.lock\" \"${PODS_ROOT}/Manifest.lock\" > /dev/null\nif [ $? != 0 ] ; then\n    # print error to STDERR\n    echo \"error: The sandbox is not in sync with the Podfile.lock. Run 'pod install' or update your CocoaPods installation.\" >&2\n    exit 1\nfi\n# This output is used by Xcode 'outputs' to avoid re-running this script phase.\necho \"SUCCESS\" > \"${SCRIPT_OUTPUT_FILE_0}\"\n";
			showEnvVarsInLog = 0;
		};
/* End PBXShellScriptBuildPhase section */

/* Begin PBXSourcesBuildPhase section */
		841B1564223B8F470033A27F /* Sources */ = {
			isa = PBXSourcesBuildPhase;
			buildActionMask = 2147483647;
			files = (
				841B15B1223BBFFC0033A27F /* SectionTitleTableViewCell.swift in Sources */,
				841B15BE223BED8A0033A27F /* NavigationHelper.swift in Sources */,
				841B15A9223BBF320033A27F /* BannerTableViewCell.swift in Sources */,
				841B1593223B97700033A27F /* ExploreLayout.swift in Sources */,
				841B15A1223BBF0F0033A27F /* UserTableViewCell.swift in Sources */,
				841B1595223BB1660033A27F /* ExploreServices.swift in Sources */,
				841B15B6223BE60C0033A27F /* BannerCollectionViewCell.swift in Sources */,
				841B15A5223BBF1E0033A27F /* RequirementTableViewCell.swift in Sources */,
				841B15C9223BF5BC0033A27F /* RequirementCollectionViewCell.swift in Sources */,
				841B156E223B8F470033A27F /* ExploreViewController.swift in Sources */,
				841B15C1223BF2930033A27F /* DexCollectionViewCell.swift in Sources */,
				841B15B9223BE8070033A27F /* CenteredCollectionViewFlowLayout.swift in Sources */,
				841B158D223B90410033A27F /* ApiManager.swift in Sources */,
				841B15BB223BE9F10033A27F /* WebViewViewController.swift in Sources */,
				841B156C223B8F470033A27F /* AppDelegate.swift in Sources */,
				841B159D223BBEFA0033A27F /* DexTableViewCell.swift in Sources */,
				841B15C5223BF5AD0033A27F /* UserCollectionViewCell.swift in Sources */,
				841B158F223B945F0033A27F /* ServiceURl.swift in Sources */,
				841B1598223BB9A30033A27F /* ExploreViewModel.swift in Sources */,
			);
			runOnlyForDeploymentPostprocessing = 0;
		};
		841B1578223B8F490033A27F /* Sources */ = {
			isa = PBXSourcesBuildPhase;
			buildActionMask = 2147483647;
			files = (
				841B1581223B8F490033A27F /* DexSampleAppTests.swift in Sources */,
			);
			runOnlyForDeploymentPostprocessing = 0;
		};
/* End PBXSourcesBuildPhase section */

/* Begin PBXTargetDependency section */
		841B157E223B8F490033A27F /* PBXTargetDependency */ = {
			isa = PBXTargetDependency;
			target = 841B1567223B8F470033A27F /* DexSampleApp */;
			targetProxy = 841B157D223B8F490033A27F /* PBXContainerItemProxy */;
		};
/* End PBXTargetDependency section */

/* Begin PBXVariantGroup section */
		841B156F223B8F470033A27F /* Main.storyboard */ = {
			isa = PBXVariantGroup;
			children = (
				841B1570223B8F470033A27F /* Base */,
			);
			name = Main.storyboard;
			sourceTree = "<group>";
		};
		841B1574223B8F480033A27F /* LaunchScreen.storyboard */ = {
			isa = PBXVariantGroup;
			children = (
				841B1575223B8F480033A27F /* Base */,
			);
			name = LaunchScreen.storyboard;
			sourceTree = "<group>";
		};
/* End PBXVariantGroup section */

/* Begin XCBuildConfiguration section */
		841B1583223B8F490033A27F /* Debug */ = {
			isa = XCBuildConfiguration;
			buildSettings = {
				ALWAYS_SEARCH_USER_PATHS = NO;
				CLANG_ANALYZER_NONNULL = YES;
				CLANG_ANALYZER_NUMBER_OBJECT_CONVERSION = YES_AGGRESSIVE;
				CLANG_CXX_LANGUAGE_STANDARD = "gnu++14";
				CLANG_CXX_LIBRARY = "libc++";
				CLANG_ENABLE_MODULES = YES;
				CLANG_ENABLE_OBJC_ARC = YES;
				CLANG_ENABLE_OBJC_WEAK = YES;
				CLANG_WARN_BLOCK_CAPTURE_AUTORELEASING = YES;
				CLANG_WARN_BOOL_CONVERSION = YES;
				CLANG_WARN_COMMA = YES;
				CLANG_WARN_CONSTANT_CONVERSION = YES;
				CLANG_WARN_DEPRECATED_OBJC_IMPLEMENTATIONS = YES;
				CLANG_WARN_DIRECT_OBJC_ISA_USAGE = YES_ERROR;
				CLANG_WARN_DOCUMENTATION_COMMENTS = YES;
				CLANG_WARN_EMPTY_BODY = YES;
				CLANG_WARN_ENUM_CONVERSION = YES;
				CLANG_WARN_INFINITE_RECURSION = YES;
				CLANG_WARN_INT_CONVERSION = YES;
				CLANG_WARN_NON_LITERAL_NULL_CONVERSION = YES;
				CLANG_WARN_OBJC_IMPLICIT_RETAIN_SELF = YES;
				CLANG_WARN_OBJC_LITERAL_CONVERSION = YES;
				CLANG_WARN_OBJC_ROOT_CLASS = YES_ERROR;
				CLANG_WARN_RANGE_LOOP_ANALYSIS = YES;
				CLANG_WARN_STRICT_PROTOTYPES = YES;
				CLANG_WARN_SUSPICIOUS_MOVE = YES;
				CLANG_WARN_UNGUARDED_AVAILABILITY = YES_AGGRESSIVE;
				CLANG_WARN_UNREACHABLE_CODE = YES;
				CLANG_WARN__DUPLICATE_METHOD_MATCH = YES;
				CODE_SIGN_IDENTITY = "iPhone Developer";
				COPY_PHASE_STRIP = NO;
				DEBUG_INFORMATION_FORMAT = dwarf;
				ENABLE_STRICT_OBJC_MSGSEND = YES;
				ENABLE_TESTABILITY = YES;
				GCC_C_LANGUAGE_STANDARD = gnu11;
				GCC_DYNAMIC_NO_PIC = NO;
				GCC_NO_COMMON_BLOCKS = YES;
				GCC_OPTIMIZATION_LEVEL = 0;
				GCC_PREPROCESSOR_DEFINITIONS = (
					"DEBUG=1",
					"$(inherited)",
				);
				GCC_WARN_64_TO_32_BIT_CONVERSION = YES;
				GCC_WARN_ABOUT_RETURN_TYPE = YES_ERROR;
				GCC_WARN_UNDECLARED_SELECTOR = YES;
				GCC_WARN_UNINITIALIZED_AUTOS = YES_AGGRESSIVE;
				GCC_WARN_UNUSED_FUNCTION = YES;
				GCC_WARN_UNUSED_VARIABLE = YES;
				IPHONEOS_DEPLOYMENT_TARGET = 12.1;
				MTL_ENABLE_DEBUG_INFO = INCLUDE_SOURCE;
				MTL_FAST_MATH = YES;
				ONLY_ACTIVE_ARCH = YES;
				SDKROOT = iphoneos;
				SWIFT_ACTIVE_COMPILATION_CONDITIONS = DEBUG;
				SWIFT_OPTIMIZATION_LEVEL = "-Onone";
			};
			name = Debug;
		};
		841B1584223B8F490033A27F /* Release */ = {
			isa = XCBuildConfiguration;
			buildSettings = {
				ALWAYS_SEARCH_USER_PATHS = NO;
				CLANG_ANALYZER_NONNULL = YES;
				CLANG_ANALYZER_NUMBER_OBJECT_CONVERSION = YES_AGGRESSIVE;
				CLANG_CXX_LANGUAGE_STANDARD = "gnu++14";
				CLANG_CXX_LIBRARY = "libc++";
				CLANG_ENABLE_MODULES = YES;
				CLANG_ENABLE_OBJC_ARC = YES;
				CLANG_ENABLE_OBJC_WEAK = YES;
				CLANG_WARN_BLOCK_CAPTURE_AUTORELEASING = YES;
				CLANG_WARN_BOOL_CONVERSION = YES;
				CLANG_WARN_COMMA = YES;
				CLANG_WARN_CONSTANT_CONVERSION = YES;
				CLANG_WARN_DEPRECATED_OBJC_IMPLEMENTATIONS = YES;
				CLANG_WARN_DIRECT_OBJC_ISA_USAGE = YES_ERROR;
				CLANG_WARN_DOCUMENTATION_COMMENTS = YES;
				CLANG_WARN_EMPTY_BODY = YES;
				CLANG_WARN_ENUM_CONVERSION = YES;
				CLANG_WARN_INFINITE_RECURSION = YES;
				CLANG_WARN_INT_CONVERSION = YES;
				CLANG_WARN_NON_LITERAL_NULL_CONVERSION = YES;
				CLANG_WARN_OBJC_IMPLICIT_RETAIN_SELF = YES;
				CLANG_WARN_OBJC_LITERAL_CONVERSION = YES;
				CLANG_WARN_OBJC_ROOT_CLASS = YES_ERROR;
				CLANG_WARN_RANGE_LOOP_ANALYSIS = YES;
				CLANG_WARN_STRICT_PROTOTYPES = YES;
				CLANG_WARN_SUSPICIOUS_MOVE = YES;
				CLANG_WARN_UNGUARDED_AVAILABILITY = YES_AGGRESSIVE;
				CLANG_WARN_UNREACHABLE_CODE = YES;
				CLANG_WARN__DUPLICATE_METHOD_MATCH = YES;
				CODE_SIGN_IDENTITY = "iPhone Developer";
				COPY_PHASE_STRIP = NO;
				DEBUG_INFORMATION_FORMAT = "dwarf-with-dsym";
				ENABLE_NS_ASSERTIONS = NO;
				ENABLE_STRICT_OBJC_MSGSEND = YES;
				GCC_C_LANGUAGE_STANDARD = gnu11;
				GCC_NO_COMMON_BLOCKS = YES;
				GCC_WARN_64_TO_32_BIT_CONVERSION = YES;
				GCC_WARN_ABOUT_RETURN_TYPE = YES_ERROR;
				GCC_WARN_UNDECLARED_SELECTOR = YES;
				GCC_WARN_UNINITIALIZED_AUTOS = YES_AGGRESSIVE;
				GCC_WARN_UNUSED_FUNCTION = YES;
				GCC_WARN_UNUSED_VARIABLE = YES;
				IPHONEOS_DEPLOYMENT_TARGET = 12.1;
				MTL_ENABLE_DEBUG_INFO = NO;
				MTL_FAST_MATH = YES;
				SDKROOT = iphoneos;
				SWIFT_COMPILATION_MODE = wholemodule;
				SWIFT_OPTIMIZATION_LEVEL = "-O";
				VALIDATE_PRODUCT = YES;
			};
			name = Release;
		};
		841B1586223B8F490033A27F /* Debug */ = {
			isa = XCBuildConfiguration;
			baseConfigurationReference = 19892631E6EF427662350C2A /* Pods-DexSampleApp.debug.xcconfig */;
			buildSettings = {
				ASSETCATALOG_COMPILER_APPICON_NAME = AppIcon;
				CODE_SIGN_STYLE = Automatic;
				DEVELOPMENT_TEAM = DJ4DBAMM77;
				INFOPLIST_FILE = DexSampleApp/Info.plist;
				IPHONEOS_DEPLOYMENT_TARGET = 12.0;
				LD_RUNPATH_SEARCH_PATHS = (
					"$(inherited)",
					"@executable_path/Frameworks",
				);
				PRODUCT_BUNDLE_IDENTIFIER = com.hari.DexSampleApp;
				PRODUCT_NAME = "$(TARGET_NAME)";
				SWIFT_VERSION = 4.2;
				TARGETED_DEVICE_FAMILY = "1,2";
			};
			name = Debug;
		};
		841B1587223B8F490033A27F /* Release */ = {
			isa = XCBuildConfiguration;
			baseConfigurationReference = 9D0916BD54594356DF7917F6 /* Pods-DexSampleApp.release.xcconfig */;
			buildSettings = {
				ASSETCATALOG_COMPILER_APPICON_NAME = AppIcon;
				CODE_SIGN_STYLE = Automatic;
				DEVELOPMENT_TEAM = DJ4DBAMM77;
				INFOPLIST_FILE = DexSampleApp/Info.plist;
				IPHONEOS_DEPLOYMENT_TARGET = 12.0;
				LD_RUNPATH_SEARCH_PATHS = (
					"$(inherited)",
					"@executable_path/Frameworks",
				);
				PRODUCT_BUNDLE_IDENTIFIER = com.hari.DexSampleApp;
				PRODUCT_NAME = "$(TARGET_NAME)";
				SWIFT_VERSION = 4.2;
				TARGETED_DEVICE_FAMILY = "1,2";
			};
			name = Release;
		};
		841B1589223B8F490033A27F /* Debug */ = {
			isa = XCBuildConfiguration;
			baseConfigurationReference = E642BA9B21529EC5AF3A0770 /* Pods-DexSampleAppTests.debug.xcconfig */;
			buildSettings = {
				ALWAYS_EMBED_SWIFT_STANDARD_LIBRARIES = YES;
				BUNDLE_LOADER = "$(TEST_HOST)";
				CODE_SIGN_STYLE = Automatic;
				DEVELOPMENT_TEAM = DJ4DBAMM77;
				INFOPLIST_FILE = DexSampleAppTests/Info.plist;
				LD_RUNPATH_SEARCH_PATHS = (
					"$(inherited)",
					"@executable_path/Frameworks",
					"@loader_path/Frameworks",
				);
				PRODUCT_BUNDLE_IDENTIFIER = com.hari.DexSampleAppTests;
				PRODUCT_NAME = "$(TARGET_NAME)";
				SWIFT_VERSION = 4.2;
				TARGETED_DEVICE_FAMILY = "1,2";
				TEST_HOST = "$(BUILT_PRODUCTS_DIR)/DexSampleApp.app/DexSampleApp";
			};
			name = Debug;
		};
		841B158A223B8F490033A27F /* Release */ = {
			isa = XCBuildConfiguration;
			baseConfigurationReference = 9B9AA6F18235737F9DF9997D /* Pods-DexSampleAppTests.release.xcconfig */;
			buildSettings = {
				ALWAYS_EMBED_SWIFT_STANDARD_LIBRARIES = YES;
				BUNDLE_LOADER = "$(TEST_HOST)";
				CODE_SIGN_STYLE = Automatic;
				DEVELOPMENT_TEAM = DJ4DBAMM77;
				INFOPLIST_FILE = DexSampleAppTests/Info.plist;
				LD_RUNPATH_SEARCH_PATHS = (
					"$(inherited)",
					"@executable_path/Frameworks",
					"@loader_path/Frameworks",
				);
				PRODUCT_BUNDLE_IDENTIFIER = com.hari.DexSampleAppTests;
				PRODUCT_NAME = "$(TARGET_NAME)";
				SWIFT_VERSION = 4.2;
				TARGETED_DEVICE_FAMILY = "1,2";
				TEST_HOST = "$(BUILT_PRODUCTS_DIR)/DexSampleApp.app/DexSampleApp";
			};
			name = Release;
		};
/* End XCBuildConfiguration section */

/* Begin XCConfigurationList section */
		841B1563223B8F470033A27F /* Build configuration list for PBXProject "DexSampleApp" */ = {
			isa = XCConfigurationList;
			buildConfigurations = (
				841B1583223B8F490033A27F /* Debug */,
				841B1584223B8F490033A27F /* Release */,
			);
			defaultConfigurationIsVisible = 0;
			defaultConfigurationName = Release;
		};
		841B1585223B8F490033A27F /* Build configuration list for PBXNativeTarget "DexSampleApp" */ = {
			isa = XCConfigurationList;
			buildConfigurations = (
				841B1586223B8F490033A27F /* Debug */,
				841B1587223B8F490033A27F /* Release */,
			);
			defaultConfigurationIsVisible = 0;
			defaultConfigurationName = Release;
		};
		841B1588223B8F490033A27F /* Build configuration list for PBXNativeTarget "DexSampleAppTests" */ = {
			isa = XCConfigurationList;
			buildConfigurations = (
				841B1589223B8F490033A27F /* Debug */,
				841B158A223B8F490033A27F /* Release */,
			);
			defaultConfigurationIsVisible = 0;
			defaultConfigurationName = Release;
		};
/* End XCConfigurationList section */
	};
	rootObject = 841B1560223B8F470033A27F /* Project object */;
}
